
Microsoft Visual Studio Solution File, Format Version 12.00
# Visual Studio Version 17
VisualStudioVersion = 17.0.31912.275
MinimumVisualStudioVersion = 10.0.40219.1
Project("{8BC9CEB8-8B4A-11D0-8D11-00A0C91BC942}") = "AliKemalCimşit_210707019_BM104_Proje1", "AliKemalCimşit_210707019_BM104_Proje1\AliKemalCimşit_210707019_BM104_Proje1.vcxproj", "{CE7EA998-870C-437D-BDFA-C25429EAA81B}"
EndProject
Global
	GlobalSection(SolutionConfigurationPlatforms) = preSolution
		Debug|x64 = Debug|x64
		Debug|x86 = Debug|x86
		Release|x64 = Release|x64
		Release|x86 = Release|x86
	EndGlobalSection
	GlobalSection(ProjectConfigurationPlatforms) = postSolution
		{CE7EA998-870C-437D-BDFA-C25429EAA81B}.Debug|x64.ActiveCfg = Debug|x64
		{CE7EA998-870C-437D-BDFA-C25429EAA81B}.Debug|x64.Build.0 = Debug|x64
		{CE7EA998-870C-437D-BDFA-C25429EAA81B}.Debug|x86.ActiveCfg = Debug|Win32
		{CE7EA998-870C-437D-BDFA-C25429EAA81B}.Debug|x86.Build.0 = Debug|Win32
		{CE7EA998-870C-437D-BDFA-C25429EAA81B}.Release|x64.ActiveCfg = Release|x64
		{CE7EA998-870C-437D-BDFA-C25429EAA81B}.Release|x64.Build.0 = Release|x64
		{CE7EA998-870C-437D-BDFA-C25429EAA81B}.Release|x86.ActiveCfg = Release|Win32
		{CE7EA998-870C-437D-BDFA-C25429EAA81B}.Release|x86.Build.0 = Release|Win32
	EndGlobalSection
	GlobalSection(SolutionProperties) = preSolution
		HideSolutionNode = FALSE
	EndGlobalSection
	GlobalSection(ExtensibilityGlobals) = postSolution
		SolutionGuid = {BE016224-59BA-4763-8561-492F778CBD1E}
	EndGlobalSection
EndGlobal
